// !$*UTF8*$!
{
	archiveVersion = 1;
	classes = {
	};
	objectVersion = 50;
	objects = {

/* Begin PBXBuildFile section */
		FB996A5F237F561000AD4C32 /* AppDelegate.swift in Sources */ = {isa = PBXBuildFile; fileRef = FB996A5E237F561000AD4C32 /* AppDelegate.swift */; };
		FB996A61237F561000AD4C32 /* SceneDelegate.swift in Sources */ = {isa = PBXBuildFile; fileRef = FB996A60237F561000AD4C32 /* SceneDelegate.swift */; };
		FB996A66237F561000AD4C32 /* Main.storyboard in Resources */ = {isa = PBXBuildFile; fileRef = FB996A64237F561000AD4C32 /* Main.storyboard */; };
		FB996A68237F561100AD4C32 /* Assets.xcassets in Resources */ = {isa = PBXBuildFile; fileRef = FB996A67237F561100AD4C32 /* Assets.xcassets */; };
		FB996A6B237F561100AD4C32 /* LaunchScreen.storyboard in Resources */ = {isa = PBXBuildFile; fileRef = FB996A69237F561100AD4C32 /* LaunchScreen.storyboard */; };
		FB996A76237F576700AD4C32 /* Planet.swift in Sources */ = {isa = PBXBuildFile; fileRef = FB996A75237F576700AD4C32 /* Planet.swift */; };
		FB996A79237F57F200AD4C32 /* PlanetController.swift in Sources */ = {isa = PBXBuildFile; fileRef = FB996A78237F57F200AD4C32 /* PlanetController.swift */; };
		FB996A7C237F5CB600AD4C32 /* PlanetListTableViewController.swift in Sources */ = {isa = PBXBuildFile; fileRef = FB996A7B237F5CB600AD4C32 /* PlanetListTableViewController.swift */; };
		FB996A7E237F60DF00AD4C32 /* PlanetDetailViewController.swift in Sources */ = {isa = PBXBuildFile; fileRef = FB996A7D237F60DF00AD4C32 /* PlanetDetailViewController.swift */; };
/* End PBXBuildFile section */

/* Begin PBXFileReference section */
		FB996A5B237F561000AD4C32 /* SolarSystem.app */ = {isa = PBXFileReference; explicitFileType = wrapper.application; includeInIndex = 0; path = SolarSystem.app; sourceTree = BUILT_PRODUCTS_DIR; };
		FB996A5E237F561000AD4C32 /* AppDelegate.swift */ = {isa = PBXFileReference; lastKnownFileType = sourcecode.swift; path = AppDelegate.swift; sourceTree = "<group>"; };
		FB996A60237F561000AD4C32 /* SceneDelegate.swift */ = {isa = PBXFileReference; lastKnownFileType = sourcecode.swift; path = SceneDelegate.swift; sourceTree = "<group>"; };
		FB996A65237F561000AD4C32 /* Base */ = {isa = PBXFileReference; lastKnownFileType = file.storyboard; name = Base; path = Base.lproj/Main.storyboard; sourceTree = "<group>"; };
		FB996A67237F561100AD4C32 /* Assets.xcassets */ = {isa = PBXFileReference; lastKnownFileType = folder.assetcatalog; path = Assets.xcassets; sourceTree = "<group>"; };
		FB996A6A237F561100AD4C32 /* Base */ = {isa = PBXFileReference; lastKnownFileType = file.storyboard; name = Base; path = Base.lproj/LaunchScreen.storyboard; sourceTree = "<group>"; };
		FB996A6C237F561100AD4C32 /* Info.plist */ = {isa = PBXFileReference; lastKnownFileType = text.plist.xml; path = Info.plist; sourceTree = "<group>"; };
		FB996A75237F576700AD4C32 /* Planet.swift */ = {isa = PBXFileReference; lastKnownFileType = sourcecode.swift; path = Planet.swift; sourceTree = "<group>"; };
		FB996A78237F57F200AD4C32 /* PlanetController.swift */ = {isa = PBXFileReference; lastKnownFileType = sourcecode.swift; path = PlanetController.swift; sourceTree = "<group>"; };
		FB996A7B237F5CB600AD4C32 /* PlanetListTableViewController.swift */ = {isa = PBXFileReference; lastKnownFileType = sourcecode.swift; path = PlanetListTableViewController.swift; sourceTree = "<group>"; };
		FB996A7D237F60DF00AD4C32 /* PlanetDetailViewController.swift */ = {isa = PBXFileReference; lastKnownFileType = sourcecode.swift; path = PlanetDetailViewController.swift; sourceTree = "<group>"; };
/* End PBXFileReference section */

/* Begin PBXFrameworksBuildPhase section */
		FB996A58237F561000AD4C32 /* Frameworks */ = {
			isa = PBXFrameworksBuildPhase;
			buildActionMask = 2147483647;
			files = (
			);
			runOnlyForDeploymentPostprocessing = 0;
		};
/* End PBXFrameworksBuildPhase section */

/* Begin PBXGroup section */
		FB996A52237F561000AD4C32 = {
			isa = PBXGroup;
			children = (
				FB996A5D237F561000AD4C32 /* SolarSystem */,
				FB996A5C237F561000AD4C32 /* Products */,
			);
			sourceTree = "<group>";
		};
		FB996A5C237F561000AD4C32 /* Products */ = {
			isa = PBXGroup;
			children = (
				FB996A5B237F561000AD4C32 /* SolarSystem.app */,
			);
			name = Products;
			sourceTree = "<group>";
		};
		FB996A5D237F561000AD4C32 /* SolarSystem */ = {
			isa = PBXGroup;
			children = (
				FB996A74237F574C00AD4C32 /* Model */,
				FB996A77237F57DD00AD4C32 /* Model Controllers */,
				FB996A7A237F5C9500AD4C32 /* View Controllers */,
				FB996A72237F562300AD4C32 /* Resources */,
				FB996A73237F563300AD4C32 /* Storyboards */,
			);
			path = SolarSystem;
			sourceTree = "<group>";
		};
		FB996A72237F562300AD4C32 /* Resources */ = {
			isa = PBXGroup;
			children = (
				FB996A5E237F561000AD4C32 /* AppDelegate.swift */,
				FB996A60237F561000AD4C32 /* SceneDelegate.swift */,
				FB996A67237F561100AD4C32 /* Assets.xcassets */,
				FB996A6C237F561100AD4C32 /* Info.plist */,
			);
			path = Resources;
			sourceTree = "<group>";
		};
		FB996A73237F563300AD4C32 /* Storyboards */ = {
			isa = PBXGroup;
			children = (
				FB996A64237F561000AD4C32 /* Main.storyboard */,
				FB996A69237F561100AD4C32 /* LaunchScreen.storyboard */,
			);
			path = Storyboards;
			sourceTree = "<group>";
		};
		FB996A74237F574C00AD4C32 /* Model */ = {
			isa = PBXGroup;
			children = (
				FB996A75237F576700AD4C32 /* Planet.swift */,
			);
			path = Model;
			sourceTree = "<group>";
		};
		FB996A77237F57DD00AD4C32 /* Model Controllers */ = {
			isa = PBXGroup;
			children = (
				FB996A78237F57F200AD4C32 /* PlanetController.swift */,
			);
			path = "Model Controllers";
			sourceTree = "<group>";
		};
		FB996A7A237F5C9500AD4C32 /* View Controllers */ = {
			isa = PBXGroup;
			children = (
				FB996A7B237F5CB600AD4C32 /* PlanetListTableViewController.swift */,
				FB996A7D237F60DF00AD4C32 /* PlanetDetailViewController.swift */,
			);
			path = "View Controllers";
			sourceTree = "<group>";
		};
/* End PBXGroup section */

/* Begin PBXNativeTarget section */
		FB996A5A237F561000AD4C32 /* SolarSystem */ = {
			isa = PBXNativeTarget;
			buildConfigurationList = FB996A6F237F561100AD4C32 /* Build configuration list for PBXNativeTarget "SolarSystem" */;
			buildPhases = (
				FB996A57237F561000AD4C32 /* Sources */,
				FB996A58237F561000AD4C32 /* Frameworks */,
				FB996A59237F561000AD4C32 /* Resources */,
			);
			buildRules = (
			);
			dependencies = (
			);
			name = SolarSystem;
			productName = SolarSystem;
			productReference = FB996A5B237F561000AD4C32 /* SolarSystem.app */;
			productType = "com.apple.product-type.application";
		};
/* End PBXNativeTarget section */

/* Begin PBXProject section */
		FB996A53237F561000AD4C32 /* Project object */ = {
			isa = PBXProject;
			attributes = {
				LastSwiftUpdateCheck = 1120;
				LastUpgradeCheck = 1120;
				ORGANIZATIONNAME = "Karl Pfister";
				TargetAttributes = {
					FB996A5A237F561000AD4C32 = {
						CreatedOnToolsVersion = 11.2;
					};
				};
			};
			buildConfigurationList = FB996A56237F561000AD4C32 /* Build configuration list for PBXProject "SolarSystem" */;
			compatibilityVersion = "Xcode 9.3";
			developmentRegion = en;
			hasScannedForEncodings = 0;
			knownRegions = (
				en,
				Base,
			);
			mainGroup = FB996A52237F561000AD4C32;
			productRefGroup = FB996A5C237F561000AD4C32 /* Products */;
			projectDirPath = "";
			projectRoot = "";
			targets = (
				FB996A5A237F561000AD4C32 /* SolarSystem */,
			);
		};
/* End PBXProject section */

/* Begin PBXResourcesBuildPhase section */
		FB996A59237F561000AD4C32 /* Resources */ = {
			isa = PBXResourcesBuildPhase;
			buildActionMask = 2147483647;
			files = (
				FB996A6B237F561100AD4C32 /* LaunchScreen.storyboard in Resources */,
				FB996A68237F561100AD4C32 /* Assets.xcassets in Resources */,
				FB996A66237F561000AD4C32 /* Main.storyboard in Resources */,
			);
			runOnlyForDeploymentPostprocessing = 0;
		};
/* End PBXResourcesBuildPhase section */

/* Begin PBXSourcesBuildPhase section */
		FB996A57237F561000AD4C32 /* Sources */ = {
			isa = PBXSourcesBuildPhase;
			buildActionMask = 2147483647;
			files = (
				FB996A76237F576700AD4C32 /* Planet.swift in Sources */,
				FB996A79237F57F200AD4C32 /* PlanetController.swift in Sources */,
				FB996A7C237F5CB600AD4C32 /* PlanetListTableViewController.swift in Sources */,
				FB996A5F237F561000AD4C32 /* AppDelegate.swift in Sources */,
				FB996A7E237F60DF00AD4C32 /* PlanetDetailViewController.swift in Sources */,
				FB996A61237F561000AD4C32 /* SceneDelegate.swift in Sources */,
			);
			runOnlyForDeploymentPostprocessing = 0;
		};
/* End PBXSourcesBuildPhase section */

/* Begin PBXVariantGroup section */
		FB996A64237F561000AD4C32 /* Main.storyboard */ = {
			isa = PBXVariantGroup;
			children = (
				FB996A65237F561000AD4C32 /* Base */,
			);
			name = Main.storyboard;
			sourceTree = "<group>";
		};
		FB996A69237F561100AD4C32 /* LaunchScreen.storyboard */ = {
			isa = PBXVariantGroup;
			children = (
				FB996A6A237F561100AD4C32 /* Base */,
			);
			name = LaunchScreen.storyboard;
			sourceTree = "<group>";
		};
/* End PBXVariantGroup section */

/* Begin XCBuildConfiguration section */
		FB996A6D237F561100AD4C32 /* Debug */ = {
			isa = XCBuildConfiguration;
			buildSettings = {
				ALWAYS_SEARCH_USER_PATHS = NO;
				CLANG_ANALYZER_NONNULL = YES;
				CLANG_ANALYZER_NUMBER_OBJECT_CONVERSION = YES_AGGRESSIVE;
				CLANG_CXX_LANGUAGE_STANDARD = "gnu++14";
				CLANG_CXX_LIBRARY = "libc++";
				CLANG_ENABLE_MODULES = YES;
				CLANG_ENABLE_OBJC_ARC = YES;
				CLANG_ENABLE_OBJC_WEAK = YES;
				CLANG_WARN_BLOCK_CAPTURE_AUTORELEASING = YES;
				CLANG_WARN_BOOL_CONVERSION = YES;
				CLANG_WARN_COMMA = YES;
				CLANG_WARN_CONSTANT_CONVERSION = YES;
				CLANG_WARN_DEPRECATED_OBJC_IMPLEMENTATIONS = YES;
				CLANG_WARN_DIRECT_OBJC_ISA_USAGE = YES_ERROR;
				CLANG_WARN_DOCUMENTATION_COMMENTS = YES;
				CLANG_WARN_EMPTY_BODY = YES;
				CLANG_WARN_ENUM_CONVERSION = YES;
				CLANG_WARN_INFINITE_RECURSION = YES;
				CLANG_WARN_INT_CONVERSION = YES;
				CLANG_WARN_NON_LITERAL_NULL_CONVERSION = YES;
				CLANG_WARN_OBJC_IMPLICIT_RETAIN_SELF = YES;
				CLANG_WARN_OBJC_LITERAL_CONVERSION = YES;
				CLANG_WARN_OBJC_ROOT_CLASS = YES_ERROR;
				CLANG_WARN_RANGE_LOOP_ANALYSIS = YES;
				CLANG_WARN_STRICT_PROTOTYPES = YES;
				CLANG_WARN_SUSPICIOUS_MOVE = YES;
				CLANG_WARN_UNGUARDED_AVAILABILITY = YES_AGGRESSIVE;
				CLANG_WARN_UNREACHABLE_CODE = YES;
				CLANG_WARN__DUPLICATE_METHOD_MATCH = YES;
				COPY_PHASE_STRIP = NO;
				DEBUG_INFORMATION_FORMAT = dwarf;
				ENABLE_STRICT_OBJC_MSGSEND = YES;
				ENABLE_TESTABILITY = YES;
				GCC_C_LANGUAGE_STANDARD = gnu11;
				GCC_DYNAMIC_NO_PIC = NO;
				GCC_NO_COMMON_BLOCKS = YES;
				GCC_OPTIMIZATION_LEVEL = 0;
				GCC_PREPROCESSOR_DEFINITIONS = (
					"DEBUG=1",
					"$(inherited)",
				);
				GCC_WARN_64_TO_32_BIT_CONVERSION = YES;
				GCC_WARN_ABOUT_RETURN_TYPE = YES_ERROR;
				GCC_WARN_UNDECLARED_SELECTOR = YES;
				GCC_WARN_UNINITIALIZED_AUTOS = YES_AGGRESSIVE;
				GCC_WARN_UNUSED_FUNCTION = YES;
				GCC_WARN_UNUSED_VARIABLE = YES;
				IPHONEOS_DEPLOYMENT_TARGET = 13.2;
				MTL_ENABLE_DEBUG_INFO = INCLUDE_SOURCE;
				MTL_FAST_MATH = YES;
				ONLY_ACTIVE_ARCH = YES;
				SDKROOT = iphoneos;
				SWIFT_ACTIVE_COMPILATION_CONDITIONS = DEBUG;
				SWIFT_OPTIMIZATION_LEVEL = "-Onone";
			};
			name = Debug;
		};
		FB996A6E237F561100AD4C32 /* Release */ = {
			isa = XCBuildConfiguration;
			buildSettings = {
				ALWAYS_SEARCH_USER_PATHS = NO;
				CLANG_ANALYZER_NONNULL = YES;
				CLANG_ANALYZER_NUMBER_OBJECT_CONVERSION = YES_AGGRESSIVE;
				CLANG_CXX_LANGUAGE_STANDARD = "gnu++14";
				CLANG_CXX_LIBRARY = "libc++";
				CLANG_ENABLE_MODULES = YES;
				CLANG_ENABLE_OBJC_ARC = YES;
				CLANG_ENABLE_OBJC_WEAK = YES;
				CLANG_WARN_BLOCK_CAPTURE_AUTORELEASING = YES;
				CLANG_WARN_BOOL_CONVERSION = YES;
				CLANG_WARN_COMMA = YES;
				CLANG_WARN_CONSTANT_CONVERSION = YES;
				CLANG_WARN_DEPRECATED_OBJC_IMPLEMENTATIONS = YES;
				CLANG_WARN_DIRECT_OBJC_ISA_USAGE = YES_ERROR;
				CLANG_WARN_DOCUMENTATION_COMMENTS = YES;
				CLANG_WARN_EMPTY_BODY = YES;
				CLANG_WARN_ENUM_CONVERSION = YES;
				CLANG_WARN_INFINITE_RECURSION = YES;
				CLANG_WARN_INT_CONVERSION = YES;
				CLANG_WARN_NON_LITERAL_NULL_CONVERSION = YES;
				CLANG_WARN_OBJC_IMPLICIT_RETAIN_SELF = YES;
				CLANG_WARN_OBJC_LITERAL_CONVERSION = YES;
				CLANG_WARN_OBJC_ROOT_CLASS = YES_ERROR;
				CLANG_WARN_RANGE_LOOP_ANALYSIS = YES;
				CLANG_WARN_STRICT_PROTOTYPES = YES;
				CLANG_WARN_SUSPICIOUS_MOVE = YES;
				CLANG_WARN_UNGUARDED_AVAILABILITY = YES_AGGRESSIVE;
				CLANG_WARN_UNREACHABLE_CODE = YES;
				CLANG_WARN__DUPLICATE_METHOD_MATCH = YES;
				COPY_PHASE_STRIP = NO;
				DEBUG_INFORMATION_FORMAT = "dwarf-with-dsym";
				ENABLE_NS_ASSERTIONS = NO;
				ENABLE_STRICT_OBJC_MSGSEND = YES;
				GCC_C_LANGUAGE_STANDARD = gnu11;
				GCC_NO_COMMON_BLOCKS = YES;
				GCC_WARN_64_TO_32_BIT_CONVERSION = YES;
				GCC_WARN_ABOUT_RETURN_TYPE = YES_ERROR;
				GCC_WARN_UNDECLARED_SELECTOR = YES;
				GCC_WARN_UNINITIALIZED_AUTOS = YES_AGGRESSIVE;
				GCC_WARN_UNUSED_FUNCTION = YES;
				GCC_WARN_UNUSED_VARIABLE = YES;
				IPHONEOS_DEPLOYMENT_TARGET = 13.2;
				MTL_ENABLE_DEBUG_INFO = NO;
				MTL_FAST_MATH = YES;
				SDKROOT = iphoneos;
				SWIFT_COMPILATION_MODE = wholemodule;
				SWIFT_OPTIMIZATION_LEVEL = "-O";
				VALIDATE_PRODUCT = YES;
			};
			name = Release;
		};
		FB996A70237F561100AD4C32 /* Debug */ = {
			isa = XCBuildConfiguration;
			buildSettings = {
				ASSETCATALOG_COMPILER_APPICON_NAME = AppIcon;
				CODE_SIGN_STYLE = Automatic;
				DEVELOPMENT_TEAM = 4J7B9732LY;
				INFOPLIST_FILE = "$(SRCROOT)/SolarSystem/Resources/Info.plist";
				LD_RUNPATH_SEARCH_PATHS = (
					"$(inherited)",
					"@executable_path/Frameworks",
				);
				PRODUCT_BUNDLE_IDENTIFIER = com.DevMountain.SolarSystem;
				PRODUCT_NAME = "$(TARGET_NAME)";
				SWIFT_VERSION = 5.0;
				TARGETED_DEVICE_FAMILY = "1,2";
			};
			name = Debug;
		};
		FB996A71237F561100AD4C32 /* Release */ = {
			isa = XCBuildConfiguration;
			buildSettings = {
				ASSETCATALOG_COMPILER_APPICON_NAME = AppIcon;
				CODE_SIGN_STYLE = Automatic;
				DEVELOPMENT_TEAM = 4J7B9732LY;
				INFOPLIST_FILE = "$(SRCROOT)/SolarSystem/Resources/Info.plist";
				LD_RUNPATH_SEARCH_PATHS = (
					"$(inherited)",
					"@executable_path/Frameworks",
				);
				PRODUCT_BUNDLE_IDENTIFIER = com.DevMountain.SolarSystem;
				PRODUCT_NAME = "$(TARGET_NAME)";
				SWIFT_VERSION = 5.0;
				TARGETED_DEVICE_FAMILY = "1,2";
			};
			name = Release;
		};
/* End XCBuildConfiguration section */

/* Begin XCConfigurationList section */
		FB996A56237F561000AD4C32 /* Build configuration list for PBXProject "SolarSystem" */ = {
			isa = XCConfigurationList;
			buildConfigurations = (
				FB996A6D237F561100AD4C32 /* Debug */,
				FB996A6E237F561100AD4C32 /* Release */,
			);
			defaultConfigurationIsVisible = 0;
			defaultConfigurationName = Release;
		};
		FB996A6F237F561100AD4C32 /* Build configuration list for PBXNativeTarget "SolarSystem" */ = {
			isa = XCConfigurationList;
			buildConfigurations = (
				FB996A70237F561100AD4C32 /* Debug */,
				FB996A71237F561100AD4C32 /* Release */,
			);
			defaultConfigurationIsVisible = 0;
			defaultConfigurationName = Release;
		};
/* End XCConfigurationList section */
	};
	rootObject = FB996A53237F561000AD4C32 /* Project object */;
}
